// !$*UTF8*$!
{
	archiveVersion = 1;
	classes = {
	};
	objectVersion = 56;
	objects = {

/* Begin PBXBuildFile section */
		437CD1172BE5C1AF00F224EE /* SwiftKFD in Frameworks */ = {isa = PBXBuildFile; productRef = 437CD1162BE5C1AF00F224EE /* SwiftKFD */; };
		437CD1402BE5DD1A00F224EE /* kfdHelpers.swift in Sources */ = {isa = PBXBuildFile; fileRef = 437CD13F2BE5DD1A00F224EE /* kfdHelpers.swift */; };
		437CD9F72BE357160076D30F /* kfdBootlooperApp.swift in Sources */ = {isa = PBXBuildFile; fileRef = 437CD9F62BE357160076D30F /* kfdBootlooperApp.swift */; };
		437CD9F92BE357160076D30F /* ContentView.swift in Sources */ = {isa = PBXBuildFile; fileRef = 437CD9F82BE357160076D30F /* ContentView.swift */; };
		437CD9FB2BE357180076D30F /* Assets.xcassets in Resources */ = {isa = PBXBuildFile; fileRef = 437CD9FA2BE357180076D30F /* Assets.xcassets */; };
		437CD9FE2BE357180076D30F /* Preview Assets.xcassets in Resources */ = {isa = PBXBuildFile; fileRef = 437CD9FD2BE357180076D30F /* Preview Assets.xcassets */; };
		43800E3E2C12DF5E0092FC99 /* SwiftKFD in Frameworks */ = {isa = PBXBuildFile; productRef = 43800E3D2C12DF5E0092FC99 /* SwiftKFD */; };
		43800E412C12E2510092FC99 /* SwiftfulLoadingIndicators in Frameworks */ = {isa = PBXBuildFile; productRef = 43800E402C12E2510092FC99 /* SwiftfulLoadingIndicators */; };
		4380CFB22C12CEF000F2363B /* URLBackport in Frameworks */ = {isa = PBXBuildFile; productRef = 4380CFB12C12CEF000F2363B /* URLBackport */; };
		438170822BE690C300DD832D /* SwiftKFD in Frameworks */ = {isa = PBXBuildFile; productRef = 438170812BE690C300DD832D /* SwiftKFD */; };
		4381A0602BE44A2400A34C16 /* Alert++.swift in Sources */ = {isa = PBXBuildFile; fileRef = 4381A05F2BE44A2400A34C16 /* Alert++.swift */; };
/* End PBXBuildFile section */

/* Begin PBXFileReference section */
		437CD13F2BE5DD1A00F224EE /* kfdHelpers.swift */ = {isa = PBXFileReference; lastKnownFileType = sourcecode.swift; path = kfdHelpers.swift; sourceTree = "<group>"; };
		437CD9F32BE357160076D30F /* kfdBootlooper.app */ = {isa = PBXFileReference; explicitFileType = wrapper.application; includeInIndex = 0; path = kfdBootlooper.app; sourceTree = BUILT_PRODUCTS_DIR; };
		437CD9F62BE357160076D30F /* kfdBootlooperApp.swift */ = {isa = PBXFileReference; lastKnownFileType = sourcecode.swift; path = kfdBootlooperApp.swift; sourceTree = "<group>"; };
		437CD9F82BE357160076D30F /* ContentView.swift */ = {isa = PBXFileReference; lastKnownFileType = sourcecode.swift; path = ContentView.swift; sourceTree = "<group>"; };
		437CD9FA2BE357180076D30F /* Assets.xcassets */ = {isa = PBXFileReference; lastKnownFileType = folder.assetcatalog; path = Assets.xcassets; sourceTree = "<group>"; };
		437CD9FD2BE357180076D30F /* Preview Assets.xcassets */ = {isa = PBXFileReference; lastKnownFileType = folder.assetcatalog; path = "Preview Assets.xcassets"; sourceTree = "<group>"; };
		4381A05F2BE44A2400A34C16 /* Alert++.swift */ = {isa = PBXFileReference; fileEncoding = 4; lastKnownFileType = sourcecode.swift; path = "Alert++.swift"; sourceTree = "<group>"; };
/* End PBXFileReference section */

/* Begin PBXFrameworksBuildPhase section */
		437CD9F02BE357160076D30F /* Frameworks */ = {
			isa = PBXFrameworksBuildPhase;
			buildActionMask = 2147483647;
			files = (
				4380CFB22C12CEF000F2363B /* URLBackport in Frameworks */,
				437CD1172BE5C1AF00F224EE /* SwiftKFD in Frameworks */,
				43800E3E2C12DF5E0092FC99 /* SwiftKFD in Frameworks */,
				438170822BE690C300DD832D /* SwiftKFD in Frameworks */,
				43800E412C12E2510092FC99 /* SwiftfulLoadingIndicators in Frameworks */,
			);
			runOnlyForDeploymentPostprocessing = 0;
		};
/* End PBXFrameworksBuildPhase section */

/* Begin PBXGroup section */
		437CD9EA2BE357160076D30F = {
			isa = PBXGroup;
			children = (
				437CD9F52BE357160076D30F /* kfdBootlooper */,
				437CD9F42BE357160076D30F /* Products */,
			);
			sourceTree = "<group>";
		};
		437CD9F42BE357160076D30F /* Products */ = {
			isa = PBXGroup;
			children = (
				437CD9F32BE357160076D30F /* kfdBootlooper.app */,
			);
			name = Products;
			sourceTree = "<group>";
		};
		437CD9F52BE357160076D30F /* kfdBootlooper */ = {
			isa = PBXGroup;
			children = (
				4381A05F2BE44A2400A34C16 /* Alert++.swift */,
				437CD9F62BE357160076D30F /* kfdBootlooperApp.swift */,
				437CD9F82BE357160076D30F /* ContentView.swift */,
				437CD9FA2BE357180076D30F /* Assets.xcassets */,
				437CD9FC2BE357180076D30F /* Preview Content */,
				437CD13F2BE5DD1A00F224EE /* kfdHelpers.swift */,
			);
			path = kfdBootlooper;
			sourceTree = "<group>";
		};
		437CD9FC2BE357180076D30F /* Preview Content */ = {
			isa = PBXGroup;
			children = (
				437CD9FD2BE357180076D30F /* Preview Assets.xcassets */,
			);
			path = "Preview Content";
			sourceTree = "<group>";
		};
/* End PBXGroup section */

/* Begin PBXNativeTarget section */
		437CD9F22BE357160076D30F /* kfdBootlooper */ = {
			isa = PBXNativeTarget;
			buildConfigurationList = 437CDA012BE357180076D30F /* Build configuration list for PBXNativeTarget "kfdBootlooper" */;
			buildPhases = (
				437CD9EF2BE357160076D30F /* Sources */,
				437CD9F02BE357160076D30F /* Frameworks */,
				437CD9F12BE357160076D30F /* Resources */,
			);
			buildRules = (
			);
			dependencies = (
			);
			name = kfdBootlooper;
			packageProductDependencies = (
				437CD1162BE5C1AF00F224EE /* SwiftKFD */,
				438170812BE690C300DD832D /* SwiftKFD */,
				4380CFB12C12CEF000F2363B /* URLBackport */,
				43800E3D2C12DF5E0092FC99 /* SwiftKFD */,
				43800E402C12E2510092FC99 /* SwiftfulLoadingIndicators */,
			);
			productName = kfdBootlooper;
			productReference = 437CD9F32BE357160076D30F /* kfdBootlooper.app */;
			productType = "com.apple.product-type.application";
		};
/* End PBXNativeTarget section */

/* Begin PBXProject section */
		437CD9EB2BE357160076D30F /* Project object */ = {
			isa = PBXProject;
			attributes = {
				BuildIndependentTargetsInParallel = 1;
				LastSwiftUpdateCheck = 1510;
				LastUpgradeCheck = 1510;
				TargetAttributes = {
					437CD9F22BE357160076D30F = {
						CreatedOnToolsVersion = 15.1;
						LastSwiftMigration = 1510;
					};
				};
			};
			buildConfigurationList = 437CD9EE2BE357160076D30F /* Build configuration list for PBXProject "kfdBootlooper" */;
			compatibilityVersion = "Xcode 14.0";
			developmentRegion = en;
			hasScannedForEncodings = 0;
			knownRegions = (
				en,
				Base,
			);
			mainGroup = 437CD9EA2BE357160076D30F;
			packageReferences = (
				4380CFB02C12CEF000F2363B /* XCRemoteSwiftPackageReference "URLBackport-archive" */,
				43800E3C2C12DF5E0092FC99 /* XCRemoteSwiftPackageReference "SwiftKFD" */,
				43800E3F2C12E2510092FC99 /* XCRemoteSwiftPackageReference "SwiftfulLoadingIndicators" */,
			);
			productRefGroup = 437CD9F42BE357160076D30F /* Products */;
			projectDirPath = "";
			projectRoot = "";
			targets = (
				437CD9F22BE357160076D30F /* kfdBootlooper */,
			);
		};
/* End PBXProject section */

/* Begin PBXResourcesBuildPhase section */
		437CD9F12BE357160076D30F /* Resources */ = {
			isa = PBXResourcesBuildPhase;
			buildActionMask = 2147483647;
			files = (
				437CD9FE2BE357180076D30F /* Preview Assets.xcassets in Resources */,
				437CD9FB2BE357180076D30F /* Assets.xcassets in Resources */,
			);
			runOnlyForDeploymentPostprocessing = 0;
		};
/* End PBXResourcesBuildPhase section */

/* Begin PBXSourcesBuildPhase section */
		437CD9EF2BE357160076D30F /* Sources */ = {
			isa = PBXSourcesBuildPhase;
			buildActionMask = 2147483647;
			files = (
				437CD9F92BE357160076D30F /* ContentView.swift in Sources */,
				4381A0602BE44A2400A34C16 /* Alert++.swift in Sources */,
				437CD1402BE5DD1A00F224EE /* kfdHelpers.swift in Sources */,
				437CD9F72BE357160076D30F /* kfdBootlooperApp.swift in Sources */,
			);
			runOnlyForDeploymentPostprocessing = 0;
		};
/* End PBXSourcesBuildPhase section */

/* Begin XCBuildConfiguration section */
		437CD9FF2BE357180076D30F /* Debug */ = {
			isa = XCBuildConfiguration;
			buildSettings = {
				ALWAYS_SEARCH_USER_PATHS = NO;
				ASSETCATALOG_COMPILER_GENERATE_SWIFT_ASSET_SYMBOL_EXTENSIONS = YES;
				CLANG_ANALYZER_NONNULL = YES;
				CLANG_ANALYZER_NUMBER_OBJECT_CONVERSION = YES_AGGRESSIVE;
				CLANG_CXX_LANGUAGE_STANDARD = "gnu++20";
				CLANG_ENABLE_MODULES = YES;
				CLANG_ENABLE_OBJC_ARC = YES;
				CLANG_ENABLE_OBJC_WEAK = YES;
				CLANG_WARN_BLOCK_CAPTURE_AUTORELEASING = YES;
				CLANG_WARN_BOOL_CONVERSION = YES;
				CLANG_WARN_COMMA = YES;
				CLANG_WARN_CONSTANT_CONVERSION = YES;
				CLANG_WARN_DEPRECATED_OBJC_IMPLEMENTATIONS = YES;
				CLANG_WARN_DIRECT_OBJC_ISA_USAGE = YES_ERROR;
				CLANG_WARN_DOCUMENTATION_COMMENTS = YES;
				CLANG_WARN_EMPTY_BODY = YES;
				CLANG_WARN_ENUM_CONVERSION = YES;
				CLANG_WARN_INFINITE_RECURSION = YES;
				CLANG_WARN_INT_CONVERSION = YES;
				CLANG_WARN_NON_LITERAL_NULL_CONVERSION = YES;
				CLANG_WARN_OBJC_IMPLICIT_RETAIN_SELF = YES;
				CLANG_WARN_OBJC_LITERAL_CONVERSION = YES;
				CLANG_WARN_OBJC_ROOT_CLASS = YES_ERROR;
				CLANG_WARN_QUOTED_INCLUDE_IN_FRAMEWORK_HEADER = YES;
				CLANG_WARN_RANGE_LOOP_ANALYSIS = YES;
				CLANG_WARN_STRICT_PROTOTYPES = YES;
				CLANG_WARN_SUSPICIOUS_MOVE = YES;
				CLANG_WARN_UNGUARDED_AVAILABILITY = YES_AGGRESSIVE;
				CLANG_WARN_UNREACHABLE_CODE = YES;
				CLANG_WARN__DUPLICATE_METHOD_MATCH = YES;
				CODE_SIGN_IDENTITY = "";
				COPY_PHASE_STRIP = NO;
				DEBUG_INFORMATION_FORMAT = dwarf;
				ENABLE_STRICT_OBJC_MSGSEND = YES;
				ENABLE_TESTABILITY = YES;
				ENABLE_USER_SCRIPT_SANDBOXING = YES;
				GCC_C_LANGUAGE_STANDARD = gnu17;
				GCC_DYNAMIC_NO_PIC = NO;
				GCC_NO_COMMON_BLOCKS = YES;
				GCC_OPTIMIZATION_LEVEL = 0;
				GCC_PREPROCESSOR_DEFINITIONS = (
					"DEBUG=1",
					"$(inherited)",
				);
				GCC_WARN_64_TO_32_BIT_CONVERSION = YES;
				GCC_WARN_ABOUT_RETURN_TYPE = YES_ERROR;
				GCC_WARN_UNDECLARED_SELECTOR = YES;
				GCC_WARN_UNINITIALIZED_AUTOS = YES_AGGRESSIVE;
				GCC_WARN_UNUSED_FUNCTION = YES;
				GCC_WARN_UNUSED_VARIABLE = YES;
				IPHONEOS_DEPLOYMENT_TARGET = 15.0;
				LOCALIZATION_PREFERS_STRING_CATALOGS = YES;
				MTL_ENABLE_DEBUG_INFO = INCLUDE_SOURCE;
				MTL_FAST_MATH = YES;
				ONLY_ACTIVE_ARCH = YES;
				SDKROOT = iphoneos;
				SWIFT_ACTIVE_COMPILATION_CONDITIONS = "DEBUG $(inherited)";
				SWIFT_OBJC_BRIDGING_HEADER = "";
				SWIFT_OPTIMIZATION_LEVEL = "-Onone";
			};
			name = Debug;
		};
		437CDA002BE357180076D30F /* Release */ = {
			isa = XCBuildConfiguration;
			buildSettings = {
				ALWAYS_SEARCH_USER_PATHS = NO;
				ASSETCATALOG_COMPILER_GENERATE_SWIFT_ASSET_SYMBOL_EXTENSIONS = YES;
				CLANG_ANALYZER_NONNULL = YES;
				CLANG_ANALYZER_NUMBER_OBJECT_CONVERSION = YES_AGGRESSIVE;
				CLANG_CXX_LANGUAGE_STANDARD = "gnu++20";
				CLANG_ENABLE_MODULES = YES;
				CLANG_ENABLE_OBJC_ARC = YES;
				CLANG_ENABLE_OBJC_WEAK = YES;
				CLANG_WARN_BLOCK_CAPTURE_AUTORELEASING = YES;
				CLANG_WARN_BOOL_CONVERSION = YES;
				CLANG_WARN_COMMA = YES;
				CLANG_WARN_CONSTANT_CONVERSION = YES;
				CLANG_WARN_DEPRECATED_OBJC_IMPLEMENTATIONS = YES;
				CLANG_WARN_DIRECT_OBJC_ISA_USAGE = YES_ERROR;
				CLANG_WARN_DOCUMENTATION_COMMENTS = YES;
				CLANG_WARN_EMPTY_BODY = YES;
				CLANG_WARN_ENUM_CONVERSION = YES;
				CLANG_WARN_INFINITE_RECURSION = YES;
				CLANG_WARN_INT_CONVERSION = YES;
				CLANG_WARN_NON_LITERAL_NULL_CONVERSION = YES;
				CLANG_WARN_OBJC_IMPLICIT_RETAIN_SELF = YES;
				CLANG_WARN_OBJC_LITERAL_CONVERSION = YES;
				CLANG_WARN_OBJC_ROOT_CLASS = YES_ERROR;
				CLANG_WARN_QUOTED_INCLUDE_IN_FRAMEWORK_HEADER = YES;
				CLANG_WARN_RANGE_LOOP_ANALYSIS = YES;
				CLANG_WARN_STRICT_PROTOTYPES = YES;
				CLANG_WARN_SUSPICIOUS_MOVE = YES;
				CLANG_WARN_UNGUARDED_AVAILABILITY = YES_AGGRESSIVE;
				CLANG_WARN_UNREACHABLE_CODE = YES;
				CLANG_WARN__DUPLICATE_METHOD_MATCH = YES;
				CODE_SIGN_IDENTITY = "";
				COPY_PHASE_STRIP = NO;
				DEBUG_INFORMATION_FORMAT = "dwarf-with-dsym";
				ENABLE_NS_ASSERTIONS = NO;
				ENABLE_STRICT_OBJC_MSGSEND = YES;
				ENABLE_USER_SCRIPT_SANDBOXING = YES;
				GCC_C_LANGUAGE_STANDARD = gnu17;
				GCC_NO_COMMON_BLOCKS = YES;
				GCC_WARN_64_TO_32_BIT_CONVERSION = YES;
				GCC_WARN_ABOUT_RETURN_TYPE = YES_ERROR;
				GCC_WARN_UNDECLARED_SELECTOR = YES;
				GCC_WARN_UNINITIALIZED_AUTOS = YES_AGGRESSIVE;
				GCC_WARN_UNUSED_FUNCTION = YES;
				GCC_WARN_UNUSED_VARIABLE = YES;
				IPHONEOS_DEPLOYMENT_TARGET = 15.0;
				LOCALIZATION_PREFERS_STRING_CATALOGS = YES;
				MTL_ENABLE_DEBUG_INFO = NO;
				MTL_FAST_MATH = YES;
				SDKROOT = iphoneos;
				SWIFT_COMPILATION_MODE = wholemodule;
				SWIFT_OBJC_BRIDGING_HEADER = "";
				VALIDATE_PRODUCT = YES;
			};
			name = Release;
		};
		437CDA022BE357180076D30F /* Debug */ = {
			isa = XCBuildConfiguration;
			buildSettings = {
				ASSETCATALOG_COMPILER_APPICON_NAME = AppIcon;
				ASSETCATALOG_COMPILER_GLOBAL_ACCENT_COLOR_NAME = AccentColor;
				CLANG_ENABLE_MODULES = YES;
				CODE_SIGN_IDENTITY = "";
				CODE_SIGN_STYLE = Manual;
				CURRENT_PROJECT_VERSION = 1;
				DEVELOPMENT_ASSET_PATHS = "\"kfdBootlooper/Preview Content\"";
				DEVELOPMENT_TEAM = "";
				ENABLE_PREVIEWS = YES;
				GENERATE_INFOPLIST_FILE = YES;
				INFOPLIST_FILE = "";
				INFOPLIST_KEY_CFBundleDisplayName = kfdBootlooper;
				INFOPLIST_KEY_LSApplicationCategoryType = "public.app-category.utilities";
				INFOPLIST_KEY_UIApplicationSceneManifest_Generation = YES;
				INFOPLIST_KEY_UIApplicationSupportsIndirectInputEvents = YES;
				INFOPLIST_KEY_UILaunchScreen_Generation = YES;
				INFOPLIST_KEY_UIStatusBarStyle = "";
				INFOPLIST_KEY_UISupportedInterfaceOrientations = UIInterfaceOrientationPortrait;
				INFOPLIST_KEY_UISupportedInterfaceOrientations_iPad = "UIInterfaceOrientationLandscapeLeft UIInterfaceOrientationLandscapeRight UIInterfaceOrientationPortrait UIInterfaceOrientationPortraitUpsideDown";
				IPHONEOS_DEPLOYMENT_TARGET = 15.0;
				LD_RUNPATH_SEARCH_PATHS = (
					"$(inherited)",
					"@executable_path/Frameworks",
				);
				MARKETING_VERSION = 1.0;
				PRODUCT_BUNDLE_IDENTIFIER = online.skadz.kfdBootlooper;
				PRODUCT_NAME = "$(TARGET_NAME)";
				PROVISIONING_PROFILE_SPECIFIER = "";
				SWIFT_EMIT_LOC_STRINGS = YES;
				SWIFT_OBJC_BRIDGING_HEADER = "";
				SWIFT_OPTIMIZATION_LEVEL = "-Onone";
				SWIFT_VERSION = 5.0;
				TARGETED_DEVICE_FAMILY = "1,2";
			};
			name = Debug;
		};
		437CDA032BE357180076D30F /* Release */ = {
			isa = XCBuildConfiguration;
			buildSettings = {
				ASSETCATALOG_COMPILER_APPICON_NAME = AppIcon;
				ASSETCATALOG_COMPILER_GLOBAL_ACCENT_COLOR_NAME = AccentColor;
				CLANG_ENABLE_MODULES = YES;
				CODE_SIGN_IDENTITY = "";
				CODE_SIGN_STYLE = Manual;
				CURRENT_PROJECT_VERSION = 1;
				DEVELOPMENT_ASSET_PATHS = "\"kfdBootlooper/Preview Content\"";
				DEVELOPMENT_TEAM = "";
				ENABLE_PREVIEWS = YES;
				GENERATE_INFOPLIST_FILE = YES;
				INFOPLIST_FILE = "";
				INFOPLIST_KEY_CFBundleDisplayName = kfdBootlooper;
				INFOPLIST_KEY_LSApplicationCategoryType = "public.app-category.utilities";
				INFOPLIST_KEY_UIApplicationSceneManifest_Generation = YES;
				INFOPLIST_KEY_UIApplicationSupportsIndirectInputEvents = YES;
				INFOPLIST_KEY_UILaunchScreen_Generation = YES;
				INFOPLIST_KEY_UIStatusBarStyle = "";
				INFOPLIST_KEY_UISupportedInterfaceOrientations = UIInterfaceOrientationPortrait;
				INFOPLIST_KEY_UISupportedInterfaceOrientations_iPad = "UIInterfaceOrientationLandscapeLeft UIInterfaceOrientationLandscapeRight UIInterfaceOrientationPortrait UIInterfaceOrientationPortraitUpsideDown";
				IPHONEOS_DEPLOYMENT_TARGET = 15.0;
				LD_RUNPATH_SEARCH_PATHS = (
					"$(inherited)",
					"@executable_path/Frameworks",
				);
				MARKETING_VERSION = 1.0;
				PRODUCT_BUNDLE_IDENTIFIER = online.skadz.kfdBootlooper;
				PRODUCT_NAME = "$(TARGET_NAME)";
				PROVISIONING_PROFILE_SPECIFIER = "";
				SWIFT_EMIT_LOC_STRINGS = YES;
				SWIFT_OBJC_BRIDGING_HEADER = "";
				SWIFT_VERSION = 5.0;
				TARGETED_DEVICE_FAMILY = "1,2";
			};
			name = Release;
		};
/* End XCBuildConfiguration section */

/* Begin XCConfigurationList section */
		437CD9EE2BE357160076D30F /* Build configuration list for PBXProject "kfdBootlooper" */ = {
			isa = XCConfigurationList;
			buildConfigurations = (
				437CD9FF2BE357180076D30F /* Debug */,
				437CDA002BE357180076D30F /* Release */,
			);
			defaultConfigurationIsVisible = 0;
			defaultConfigurationName = Release;
		};
		437CDA012BE357180076D30F /* Build configuration list for PBXNativeTarget "kfdBootlooper" */ = {
			isa = XCConfigurationList;
			buildConfigurations = (
				437CDA022BE357180076D30F /* Debug */,
				437CDA032BE357180076D30F /* Release */,
			);
			defaultConfigurationIsVisible = 0;
			defaultConfigurationName = Release;
		};
/* End XCConfigurationList section */

/* Begin XCRemoteSwiftPackageReference section */
		43800E3C2C12DF5E0092FC99 /* XCRemoteSwiftPackageReference "SwiftKFD" */ = {
			isa = XCRemoteSwiftPackageReference;
			repositoryURL = "https://github.com/Lrdsnow/SwiftKFD";
			requirement = {
				branch = main;
				kind = branch;
			};
		};
		43800E3F2C12E2510092FC99 /* XCRemoteSwiftPackageReference "SwiftfulLoadingIndicators" */ = {
			isa = XCRemoteSwiftPackageReference;
			repositoryURL = "https://github.com/SwiftfulThinking/SwiftfulLoadingIndicators";
			requirement = {
				kind = upToNextMajorVersion;
				minimumVersion = 0.0.4;
			};
		};
		4380CFB02C12CEF000F2363B /* XCRemoteSwiftPackageReference "URLBackport-archive" */ = {
			isa = XCRemoteSwiftPackageReference;
			repositoryURL = "https://github.com/BomberFish/URLBackport-archive";
			requirement = {
				branch = master;
				kind = branch;
			};
		};
/* End XCRemoteSwiftPackageReference section */

/* Begin XCSwiftPackageProductDependency section */
		437CD1162BE5C1AF00F224EE /* SwiftKFD */ = {
			isa = XCSwiftPackageProductDependency;
			productName = SwiftKFD;
		};
		43800E3D2C12DF5E0092FC99 /* SwiftKFD */ = {
			isa = XCSwiftPackageProductDependency;
			package = 43800E3C2C12DF5E0092FC99 /* XCRemoteSwiftPackageReference "SwiftKFD" */;
			productName = SwiftKFD;
		};
		43800E402C12E2510092FC99 /* SwiftfulLoadingIndicators */ = {
			isa = XCSwiftPackageProductDependency;
			package = 43800E3F2C12E2510092FC99 /* XCRemoteSwiftPackageReference "SwiftfulLoadingIndicators" */;
			productName = SwiftfulLoadingIndicators;
		};
		4380CFB12C12CEF000F2363B /* URLBackport */ = {
			isa = XCSwiftPackageProductDependency;
			package = 4380CFB02C12CEF000F2363B /* XCRemoteSwiftPackageReference "URLBackport-archive" */;
			productName = URLBackport;
		};
		438170812BE690C300DD832D /* SwiftKFD */ = {
			isa = XCSwiftPackageProductDependency;
			productName = SwiftKFD;
		};
/* End XCSwiftPackageProductDependency section */
	};
	rootObject = 437CD9EB2BE357160076D30F /* Project object */;
}
